
Microsoft Visual Studio Solution File, Format Version 12.00
# Visual Studio Version 16
VisualStudioVersion = 16.0.30717.126
MinimumVisualStudioVersion = 10.0.40219.1
Project("{FAE04EC0-301F-11D3-BF4B-00C04F79EFBC}") = "Prosit3_2_6", "Prosit3_2_6.csproj", "{68A493B8-C5A5-4C19-A91B-24FC1C8CECB6}"
EndProject
Global
	GlobalSection(SolutionConfigurationPlatforms) = preSolution
		Debug|Any CPU = Debug|Any CPU
		Release|Any CPU = Release|Any CPU
	EndGlobalSection
	GlobalSection(ProjectConfigurationPlatforms) = postSolution
		{68A493B8-C5A5-4C19-A91B-24FC1C8CECB6}.Debug|Any CPU.ActiveCfg = Debug|Any CPU
		{68A493B8-C5A5-4C19-A91B-24FC1C8CECB6}.Debug|Any CPU.Build.0 = Debug|Any CPU
		{68A493B8-C5A5-4C19-A91B-24FC1C8CECB6}.Release|Any CPU.ActiveCfg = Release|Any CPU
		{68A493B8-C5A5-4C19-A91B-24FC1C8CECB6}.Release|Any CPU.Build.0 = Release|Any CPU
	EndGlobalSection
	GlobalSection(SolutionProperties) = preSolution
		HideSolutionNode = FALSE
	EndGlobalSection
	GlobalSection(ExtensibilityGlobals) = postSolution
		SolutionGuid = {4760AA6C-CC0B-41C0-A9B5-D48E4F4C0000}
	EndGlobalSection
EndGlobal
